// !$*UTF8*$!
{
	archiveVersion = 1;
	classes = {
	};
	objectVersion = 56;
	objects = {

/* Begin PBXBuildFile section */
		2816AF8B83DBE052DEFA1541 /* CashflareApp.swift in Sources */ = {isa = PBXBuildFile; fileRef = 6B9BECA247CF1F9313588EF4 /* CashflareApp.swift */; };
		575078A42DC44DD1CF17AE0A /* ContentView.swift in Sources */ = {isa = PBXBuildFile; fileRef = 50145CD19B54A1FDBBEF3ACD /* ContentView.swift */; };
		99B0CEA565F97718BC3D6697 /* GameState.swift in Sources */ = {isa = PBXBuildFile; fileRef = DF8764938C95FC0B2176984C /* GameState.swift */; };
		5FFE41A6BB8AFB0D190948E6 /* BillFactory.swift in Sources */ = {isa = PBXBuildFile; fileRef = DF3DEF496C9013787AEE1C40 /* BillFactory.swift */; };
		CFCA0943DB48D4EB3D84CBDF /* GameScene.swift in Sources */ = {isa = PBXBuildFile; fileRef = AF6661966C0A93549B23A067 /* GameScene.swift */; };
		B236F3E3C213B00A57022D72 /* CocosAtlas.swift in Sources */ = {isa = PBXBuildFile; fileRef = 1AC403FBA6EEFDBB4C794EC7 /* CocosAtlas.swift */; };
		106829652A8C91AA7073369F /* GameData.swift in Sources */ = {isa = PBXBuildFile; fileRef = 79276300703652C070662598 /* GameData.swift */; };
		211A070B6F1566E7B4C5FCD0 /* Assets.xcassets in Resources */ = {isa = PBXBuildFile; fileRef = 6E88EA72D4711C474071C461 /* Assets.xcassets */; };
		43C3A751E4C20225B78CCA5D /* Resources in Resources */ = {isa = PBXBuildFile; fileRef = 1E62F5EEDDCCF5DBAB9E7CC5 /* Resources */; };
/* End PBXBuildFile section */

/* Begin PBXFileReference section */
		DDD012F544368A88E533E32C /* Cashflare.app */ = {isa = PBXFileReference; explicitFileType = wrapper.application; includeInIndex = 0; path = Cashflare.app; sourceTree = BUILT_PRODUCTS_DIR; };
		6B9BECA247CF1F9313588EF4 /* CashflareApp.swift */ = {isa = PBXFileReference; lastKnownFileType = sourcecode.swift; path = CashflareApp.swift; sourceTree = "<group>"; };
		50145CD19B54A1FDBBEF3ACD /* ContentView.swift */ = {isa = PBXFileReference; lastKnownFileType = sourcecode.swift; path = ContentView.swift; sourceTree = "<group>"; };
		DF8764938C95FC0B2176984C /* GameState.swift */ = {isa = PBXFileReference; lastKnownFileType = sourcecode.swift; path = GameState.swift; sourceTree = "<group>"; };
		DF3DEF496C9013787AEE1C40 /* BillFactory.swift */ = {isa = PBXFileReference; lastKnownFileType = sourcecode.swift; path = BillFactory.swift; sourceTree = "<group>"; };
		AF6661966C0A93549B23A067 /* GameScene.swift */ = {isa = PBXFileReference; lastKnownFileType = sourcecode.swift; path = GameScene.swift; sourceTree = "<group>"; };
		1AC403FBA6EEFDBB4C794EC7 /* CocosAtlas.swift */ = {isa = PBXFileReference; lastKnownFileType = sourcecode.swift; path = CocosAtlas.swift; sourceTree = "<group>"; };
		79276300703652C070662598 /* GameData.swift */ = {isa = PBXFileReference; lastKnownFileType = sourcecode.swift; path = GameData.swift; sourceTree = "<group>"; };
		6E88EA72D4711C474071C461 /* Assets.xcassets */ = {isa = PBXFileReference; lastKnownFileType = folder.assetcatalog; path = Assets.xcassets; sourceTree = "<group>"; };
		1E62F5EEDDCCF5DBAB9E7CC5 /* Resources */ = {isa = PBXFileReference; lastKnownFileType = folder; path = Resources; sourceTree = "<group>"; };
/* End PBXFileReference section */

/* Begin PBXFrameworksBuildPhase section */
		824838CB93B8FD35C4BD7013 /* Frameworks */ = {
			isa = PBXFrameworksBuildPhase;
			buildActionMask = 2147483647;
			files = (
			);
			runOnlyForDeploymentPostprocessing = 0;
		};
/* End PBXFrameworksBuildPhase section */

/* Begin PBXGroup section */
		7D18392C0A77E4CDC6592A5B = {
			isa = PBXGroup;
			children = (
				493541732FC88AB7782D1475 /* Cashflare */,
				2E30BA47B37A4FE6BE5E74AD /* Products */,
			);
			sourceTree = "<group>";
		};
		2E30BA47B37A4FE6BE5E74AD /* Products */ = {
			isa = PBXGroup;
			children = (
				DDD012F544368A88E533E32C /* Cashflare.app */,
			);
			name = Products;
			sourceTree = "<group>";
		};
		493541732FC88AB7782D1475 /* Cashflare */ = {
			isa = PBXGroup;
			children = (
				6B9BECA247CF1F9313588EF4 /* CashflareApp.swift */,
				50145CD19B54A1FDBBEF3ACD /* ContentView.swift */,
				6A3AA1BEE1633FDC49F43052 /* Game */,
				6E88EA72D4711C474071C461 /* Assets.xcassets */,
				1E62F5EEDDCCF5DBAB9E7CC5 /* Resources */,
			);
			path = Cashflare;
			sourceTree = "<group>";
		};
		6A3AA1BEE1633FDC49F43052 /* Game */ = {
			isa = PBXGroup;
			children = (
				79276300703652C070662598 /* GameData.swift */,
				DF8764938C95FC0B2176984C /* GameState.swift */,
				DF3DEF496C9013787AEE1C40 /* BillFactory.swift */,
				AF6661966C0A93549B23A067 /* GameScene.swift */,
				1AC403FBA6EEFDBB4C794EC7 /* CocosAtlas.swift */,
			);
			path = Game;
			sourceTree = "<group>";
		};
/* End PBXGroup section */

/* Begin PBXNativeTarget section */
		DAE3BB82A9D5D3ADB0964888 /* Cashflare */ = {
			isa = PBXNativeTarget;
			buildConfigurationList = BB95F0A0F0102DFB94C2E061 /* Build configuration list for PBXNativeTarget "Cashflare" */;
			buildPhases = (
				F59F70E7A3129C47C34058A9 /* Sources */,
				824838CB93B8FD35C4BD7013 /* Frameworks */,
				B7C52032B20C36E222285474 /* Resources */,
			);
			buildRules = (
			);
			dependencies = (
			);
			name = Cashflare;
			productName = Cashflare;
			productReference = DDD012F544368A88E533E32C /* Cashflare.app */;
			productType = "com.apple.product-type.application";
		};
/* End PBXNativeTarget section */

/* Begin PBXProject section */
		7D9412A53240051F3876C9DA /* Project object */ = {
			isa = PBXProject;
			attributes = {
				BuildIndependentTargetsInParallel = 1;
				LastSwiftUpdateCheck = 1500;
				LastUpgradeCheck = 1500;
			};
			buildConfigurationList = 5B38AD479257E6BF4A218FB0 /* Build configuration list for PBXProject "Cashflare" */;
			compatibilityVersion = "Xcode 14.0";
			developmentRegion = en;
			hasScannedForEncodings = 0;
			knownRegions = (
				en,
				Base,
			);
			mainGroup = 7D18392C0A77E4CDC6592A5B;
			productRefGroup = 2E30BA47B37A4FE6BE5E74AD /* Products */;
			projectDirPath = "";
			projectRoot = "";
			targets = (
				DAE3BB82A9D5D3ADB0964888 /* Cashflare */,
			);
		};
/* End PBXProject section */

/* Begin PBXResourcesBuildPhase section */
		B7C52032B20C36E222285474 /* Resources */ = {
			isa = PBXResourcesBuildPhase;
			buildActionMask = 2147483647;
			files = (
				211A070B6F1566E7B4C5FCD0 /* Assets.xcassets in Resources */,
				43C3A751E4C20225B78CCA5D /* Resources in Resources */,
			);
			runOnlyForDeploymentPostprocessing = 0;
		};
/* End PBXResourcesBuildPhase section */

/* Begin PBXSourcesBuildPhase section */
		F59F70E7A3129C47C34058A9 /* Sources */ = {
			isa = PBXSourcesBuildPhase;
			buildActionMask = 2147483647;
			files = (
				2816AF8B83DBE052DEFA1541 /* CashflareApp.swift in Sources */,
				575078A42DC44DD1CF17AE0A /* ContentView.swift in Sources */,
				99B0CEA565F97718BC3D6697 /* GameState.swift in Sources */,
				5FFE41A6BB8AFB0D190948E6 /* BillFactory.swift in Sources */,
				CFCA0943DB48D4EB3D84CBDF /* GameScene.swift in Sources */,
				B236F3E3C213B00A57022D72 /* CocosAtlas.swift in Sources */,
				106829652A8C91AA7073369F /* GameData.swift in Sources */,
			);
			runOnlyForDeploymentPostprocessing = 0;
		};
/* End PBXSourcesBuildPhase section */

/* Begin XCBuildConfiguration section */
		8C77DCFFB1F4F30C3B281468 /* Debug */ = {
			isa = XCBuildConfiguration;
			buildSettings = {
				ALWAYS_SEARCH_USER_PATHS = NO;
				CLANG_ENABLE_MODULES = YES;
				CLANG_ENABLE_OBJC_ARC = YES;
				COPY_PHASE_STRIP = NO;
				DEBUG_INFORMATION_FORMAT = dwarf;
				ENABLE_TESTABILITY = YES;
				GCC_DYNAMIC_NO_PIC = NO;
				IPHONEOS_DEPLOYMENT_TARGET = 17.0;
				ONLY_ACTIVE_ARCH = YES;
				SDKROOT = iphoneos;
				SWIFT_ACTIVE_COMPILATION_CONDITIONS = DEBUG;
				SWIFT_OPTIMIZATION_LEVEL = "-Onone";
				SWIFT_VERSION = 5.0;
			};
			name = Debug;
		};
		A6527D6D94A81E3717C183AC /* Release */ = {
			isa = XCBuildConfiguration;
			buildSettings = {
				ALWAYS_SEARCH_USER_PATHS = NO;
				CLANG_ENABLE_MODULES = YES;
				CLANG_ENABLE_OBJC_ARC = YES;
				COPY_PHASE_STRIP = NO;
				DEBUG_INFORMATION_FORMAT = "dwarf-with-dsym";
				IPHONEOS_DEPLOYMENT_TARGET = 17.0;
				SDKROOT = iphoneos;
				SWIFT_COMPILATION_MODE = wholemodule;
				SWIFT_VERSION = 5.0;
				VALIDATE_PRODUCT = YES;
			};
			name = Release;
		};
		106DCDFBEFBAE8DDB629A6EE /* Debug */ = {
			isa = XCBuildConfiguration;
			buildSettings = {
				ASSETCATALOG_COMPILER_APPICON_NAME = AppIcon;
				ASSETCATALOG_COMPILER_GLOBAL_ACCENT_COLOR_NAME = AccentColor;
				CODE_SIGN_STYLE = Automatic;
				CURRENT_PROJECT_VERSION = 1;
				DEVELOPMENT_TEAM = "";
				ENABLE_PREVIEWS = YES;
				GENERATE_INFOPLIST_FILE = YES;
				INFOPLIST_KEY_CFBundleDisplayName = Cashflare;
				INFOPLIST_KEY_UIApplicationSceneManifest_Generation = YES;
				INFOPLIST_KEY_UILaunchScreen_Generation = YES;
				INFOPLIST_KEY_UISupportedInterfaceOrientations = UIInterfaceOrientationPortrait;
				LD_RUNPATH_SEARCH_PATHS = (
					"$(inherited)",
					"@executable_path/Frameworks",
				);
				MARKETING_VERSION = 1.0.0;
				PRODUCT_BUNDLE_IDENTIFIER = com.krayd.cashflare;
				PRODUCT_NAME = Cashflare;
				SUPPORTED_PLATFORMS = "iphoneos iphonesimulator";
				SUPPORTS_MACCATALYST = NO;
				SWIFT_EMIT_LOC_STRINGS = YES;
				SWIFT_VERSION = 5.0;
				TARGETED_DEVICE_FAMILY = "1,2";
			};
			name = Debug;
		};
		D27D1BCD0E02DC413BCA5423 /* Release */ = {
			isa = XCBuildConfiguration;
			buildSettings = {
				ASSETCATALOG_COMPILER_APPICON_NAME = AppIcon;
				ASSETCATALOG_COMPILER_GLOBAL_ACCENT_COLOR_NAME = AccentColor;
				CODE_SIGN_STYLE = Automatic;
				CURRENT_PROJECT_VERSION = 1;
				DEVELOPMENT_TEAM = "";
				ENABLE_PREVIEWS = YES;
				GENERATE_INFOPLIST_FILE = YES;
				INFOPLIST_KEY_CFBundleDisplayName = Cashflare;
				INFOPLIST_KEY_UIApplicationSceneManifest_Generation = YES;
				INFOPLIST_KEY_UILaunchScreen_Generation = YES;
				INFOPLIST_KEY_UISupportedInterfaceOrientations = UIInterfaceOrientationPortrait;
				LD_RUNPATH_SEARCH_PATHS = (
					"$(inherited)",
					"@executable_path/Frameworks",
				);
				MARKETING_VERSION = 1.0.0;
				PRODUCT_BUNDLE_IDENTIFIER = com.krayd.cashflare;
				PRODUCT_NAME = Cashflare;
				SUPPORTED_PLATFORMS = "iphoneos iphonesimulator";
				SUPPORTS_MACCATALYST = NO;
				SWIFT_EMIT_LOC_STRINGS = YES;
				SWIFT_VERSION = 5.0;
				TARGETED_DEVICE_FAMILY = "1,2";
			};
			name = Release;
		};
/* End XCBuildConfiguration section */

/* Begin XCConfigurationList section */
		5B38AD479257E6BF4A218FB0 /* Build configuration list for PBXProject "Cashflare" */ = {
			isa = XCConfigurationList;
			buildConfigurations = (
				8C77DCFFB1F4F30C3B281468 /* Debug */,
				A6527D6D94A81E3717C183AC /* Release */,
			);
			defaultConfigurationIsVisible = 0;
			defaultConfigurationName = Release;
		};
		BB95F0A0F0102DFB94C2E061 /* Build configuration list for PBXNativeTarget "Cashflare" */ = {
			isa = XCConfigurationList;
			buildConfigurations = (
				106DCDFBEFBAE8DDB629A6EE /* Debug */,
				D27D1BCD0E02DC413BCA5423 /* Release */,
			);
			defaultConfigurationIsVisible = 0;
			defaultConfigurationName = Release;
		};
/* End XCConfigurationList section */
	};
	rootObject = 7D9412A53240051F3876C9DA /* Project object */;
}
